{
  "originHash" : "6d831a7f149b9da299f9341614ecf1074146c143788b17fee0678afabe7b0f9b",
  "pins" : [
    {
      "identity" : "coregraphicsextensions",
      "kind" : "remoteSourceControl",
      "location" : "https://github.com/heestand-xyz/CoreGraphicsExtensions",
      "state" : {
        "revision" : "e46bb3c71226d7b1cafe9739f9dd4b46caf04e7c",
        "version" : "1.9.0"
      }
    },
    {
      "identity" : "multiviews",
      "kind" : "remoteSourceControl",
      "location" : "https://github.com/heestand-xyz/MultiViews",
      "state" : {
        "revision" : "3db0a3a5f49b4689b8a57a0e4197bd6399764add",
        "version" : "2.3.0"
      }
    },
    {
      "identity" : "texturemap",
      "kind" : "remoteSourceControl",
      "location" : "https://github.com/heestand-xyz/TextureMap",
      "state" : {
        "revision" : "c73e99f8116f045a115f9fb5929d46911e817007",
        "version" : "2.0.1"
      }
    }
  ],
  "version" : 3
}
