{
  "pins" : [
    {
      "identity" : "coregraphicsextensions",
      "kind" : "remoteSourceControl",
      "location" : "https://github.com/heestand-xyz/CoreGraphicsExtensions",
      "state" : {
        "revision" : "7ddb96f057a10694ceaa4581bdaa5aa0c7eef87d",
        "version" : "1.7.1"
      }
    },
    {
      "identity" : "multiviews",
      "kind" : "remoteSourceControl",
      "location" : "https://github.com/heestand-xyz/MultiViews",
      "state" : {
        "revision" : "d44f3288d42a9f9a663bcd125115b53e66d63259",
        "version" : "2.2.1"
      }
    },
    {
      "identity" : "texturemap",
      "kind" : "remoteSourceControl",
      "location" : "https://github.com/heestand-xyz/TextureMap",
      "state" : {
        "revision" : "0868ffb2470f7fbd3feca35ca35d91e1cd514365",
        "version" : "1.0.1"
      }
    }
  ],
  "version" : 2
}
